lockfileVersion: '6.1'

settings:
  autoInstallPeers: true
  excludeLinksFromLockfile: false

dependencies:
  preact:
    specifier: ^10.13.1
    version: 10.13.1
  preact-render-to-string:
    specifier: ^5.2.6
    version: 5.2.6(preact@10.13.1)
  preact-ssr-prepass:
    specifier: ^1.2.0
    version: 1.2.0(preact@10.13.1)

devDependencies:
  '@types/node':
    specifier: ^20.5.9
    version: 20.5.9
  typescript:
    specifier: ^5.2.2
    version: 5.2.2

packages:

  /@types/node@20.5.9:
    resolution: {integrity: sha512-PcGNd//40kHAS3sTlzKB9C9XL4K0sTup8nbG5lC14kzEteTNuAFh9u5nA0o5TWnSG2r/JNPRXFVcHJIIeRlmqQ==}
    dev: true

  /preact-render-to-string@5.2.6(preact@10.13.1):
    resolution: {integrity: sha512-JyhErpYOvBV1hEPwIxc/fHWXPfnEGdRKxc8gFdAZ7XV4tlzyzG847XAyEZqoDnynP88akM4eaHcSOzNcLWFguw==}
    peerDependencies:
      preact: '>=10'
    dependencies:
      preact: 10.13.1
      pretty-format: 3.8.0
    dev: false

  /preact-ssr-prepass@1.2.0(preact@10.13.1):
    resolution: {integrity: sha512-UKz6FB2+KepjHQ6aGqiTUMZfGgdoTunxtByczdUNho9UvSRTJw31Np9J+wUSAlJ1kALJGX1BpcBLvO3iohQUSA==}
    peerDependencies:
      preact: '>=10 || ^10.0.0-beta.0 || ^10.0.0-alpha.0'
    dependencies:
      preact: 10.13.1
    dev: false

  /preact@10.13.1:
    resolution: {integrity: sha512-KyoXVDU5OqTpG9LXlB3+y639JAGzl8JSBXLn1J9HTSB3gbKcuInga7bZnXLlxmK94ntTs1EFeZp0lrja2AuBYQ==}
    dev: false

  /pretty-format@3.8.0:
    resolution: {integrity: sha512-WuxUnVtlWL1OfZFQFuqvnvs6MiAGk9UNsBostyBOB0Is9wb5uRESevA6rnl/rkksXaGX3GzZhPup5d6Vp1nFew==}
    dev: false

  /typescript@5.2.2:
    resolution: {integrity: sha512-mI4WrpHsbCIcwT9cF4FZvr80QUeKvsUsUvKDoR+X/7XHQH98xYD8YHZg7ANtz2GtZt/CBq2QJ0thkGJMHfqc1w==}
    engines: {node: '>=14.17'}
    hasBin: true
    dev: true
